{
    __meta__ = {
        version = "1.0"
    },
    ["windows|x64"] = {
        ["cmake#f56260b5"] = {
            repo = {
                branch = "master",
                commit = "ed0a4fc501acf84b3ab5664cf5b3b73158d04fc2",
                url = "https://gitee.com/tboox/xmake-repo.git"
            },
            version = "4.3.4"
        },
        ["directxmath#09c8c173"] = {
            repo = {
                branch = "master",
                commit = "ed0a4fc501acf84b3ab5664cf5b3b73158d04fc2",
                url = "https://gitee.com/tboox/xmake-repo.git"
            },
            version = "2024.02"
        },
        ["directxtk#09c8c173"] = {
            repo = {
                branch = "master",
                commit = "ed0a4fc501acf84b3ab5664cf5b3b73158d04fc2",
                url = "https://gitee.com/tboox/xmake-repo.git"
            },
            version = "24.2.0"
        },
        ["imgui#f56260b5"] = {
            repo = {
                branch = "master",
                commit = "ed0a4fc501acf84b3ab5664cf5b3b73158d04fc2",
                url = "https://gitee.com/tboox/xmake-repo.git"
            },
            version = "v1.92.7"
        },
        ["ninja#f56260b5"] = {
            repo = {
                branch = "master",
                commit = "ed0a4fc501acf84b3ab5664cf5b3b73158d04fc2",
                url = "https://gitee.com/tboox/xmake-repo.git"
            },
            version = "v1.13.2"
        },
        ["nlohmann_json#f56260b5"] = {
            repo = {
                branch = "master",
                commit = "ed0a4fc501acf84b3ab5664cf5b3b73158d04fc2",
                url = "https://gitee.com/tboox/xmake-repo.git"
            },
            version = "v3.12.0"
        },
        ["simpleini#f56260b5"] = {
            repo = {
                branch = "master",
                commit = "ed0a4fc501acf84b3ab5664cf5b3b73158d04fc2",
                url = "https://gitee.com/tboox/xmake-repo.git"
            },
            version = "v4.26"
        },
        ["spdlog#09c8c173"] = {
            repo = {
                branch = "master",
                commit = "ed0a4fc501acf84b3ab5664cf5b3b73158d04fc2",
                url = "https://gitee.com/tboox/xmake-repo.git"
            },
            version = "v1.17.0"
        }
    }
}